
Microsoft Visual Studio Solution File, Format Version 12.00
# Visual Studio Version 16
VisualStudioVersion = 16.0.30204.135
MinimumVisualStudioVersion = 10.0.40219.1
Project("{FAE04EC0-301F-11D3-BF4B-00C04F79EFBC}") = "Test_MVC", "Test_MVC\Test_MVC.csproj", "{1646BCFD-A68C-4174-A941-9C9C221A147A}"
EndProject
Global
	GlobalSection(SolutionConfigurationPlatforms) = preSolution
		Debug|Any CPU = Debug|Any CPU
		Release|Any CPU = Release|Any CPU
	EndGlobalSection
	GlobalSection(ProjectConfigurationPlatforms) = postSolution
		{1646BCFD-A68C-4174-A941-9C9C221A147A}.Debug|Any CPU.ActiveCfg = Debug|Any CPU
		{1646BCFD-A68C-4174-A941-9C9C221A147A}.Debug|Any CPU.Build.0 = Debug|Any CPU
		{1646BCFD-A68C-4174-A941-9C9C221A147A}.Release|Any CPU.ActiveCfg = Release|Any CPU
		{1646BCFD-A68C-4174-A941-9C9C221A147A}.Release|Any CPU.Build.0 = Release|Any CPU
	EndGlobalSection
	GlobalSection(SolutionProperties) = preSolution
		HideSolutionNode = FALSE
	EndGlobalSection
	GlobalSection(ExtensibilityGlobals) = postSolution
		SolutionGuid = {AA5D2882-CB35-48FC-9272-927DE75202B3}
	EndGlobalSection
EndGlobal
